
Microsoft Visual Studio Solution File, Format Version 12.00
# Visual Studio Version 17
VisualStudioVersion = 17.8.34330.188
MinimumVisualStudioVersion = 10.0.40219.1
Project("{8BC9CEB8-8B4A-11D0-8D11-00A0C91BC942}") = "240109_ArrayResize", "240109_ArrayResize\240109_ArrayResize.vcxproj", "{E0776F73-4075-4A53-8E1C-DC8A0E3B3CC2}"
EndProject
Project("{8BC9CEB8-8B4A-11D0-8D11-00A0C91BC942}") = "ConsoleEngine", "ConsoleEngine\ConsoleEngine.vcxproj", "{16F2CC42-26E3-4631-999D-B76D95CB7AB7}"
EndProject
Project("{8BC9CEB8-8B4A-11D0-8D11-00A0C91BC942}") = "240111_RList", "240111_RList\240111_RList.vcxproj", "{3372A9B0-7E26-4EE4-B40F-B8C3C52F4F4F}"
EndProject
Global
	GlobalSection(SolutionConfigurationPlatforms) = preSolution
		Debug|x64 = Debug|x64
		Debug|x86 = Debug|x86
		Release|x64 = Release|x64
		Release|x86 = Release|x86
	EndGlobalSection
	GlobalSection(ProjectConfigurationPlatforms) = postSolution
		{E0776F73-4075-4A53-8E1C-DC8A0E3B3CC2}.Debug|x64.ActiveCfg = Debug|x64
		{E0776F73-4075-4A53-8E1C-DC8A0E3B3CC2}.Debug|x64.Build.0 = Debug|x64
		{E0776F73-4075-4A53-8E1C-DC8A0E3B3CC2}.Debug|x86.ActiveCfg = Debug|Win32
		{E0776F73-4075-4A53-8E1C-DC8A0E3B3CC2}.Debug|x86.Build.0 = Debug|Win32
		{E0776F73-4075-4A53-8E1C-DC8A0E3B3CC2}.Release|x64.ActiveCfg = Release|x64
		{E0776F73-4075-4A53-8E1C-DC8A0E3B3CC2}.Release|x64.Build.0 = Release|x64
		{E0776F73-4075-4A53-8E1C-DC8A0E3B3CC2}.Release|x86.ActiveCfg = Release|Win32
		{E0776F73-4075-4A53-8E1C-DC8A0E3B3CC2}.Release|x86.Build.0 = Release|Win32
		{16F2CC42-26E3-4631-999D-B76D95CB7AB7}.Debug|x64.ActiveCfg = Debug|x64
		{16F2CC42-26E3-4631-999D-B76D95CB7AB7}.Debug|x64.Build.0 = Debug|x64
		{16F2CC42-26E3-4631-999D-B76D95CB7AB7}.Debug|x86.ActiveCfg = Debug|Win32
		{16F2CC42-26E3-4631-999D-B76D95CB7AB7}.Debug|x86.Build.0 = Debug|Win32
		{16F2CC42-26E3-4631-999D-B76D95CB7AB7}.Release|x64.ActiveCfg = Release|x64
		{16F2CC42-26E3-4631-999D-B76D95CB7AB7}.Release|x64.Build.0 = Release|x64
		{16F2CC42-26E3-4631-999D-B76D95CB7AB7}.Release|x86.ActiveCfg = Release|Win32
		{16F2CC42-26E3-4631-999D-B76D95CB7AB7}.Release|x86.Build.0 = Release|Win32
		{3372A9B0-7E26-4EE4-B40F-B8C3C52F4F4F}.Debug|x64.ActiveCfg = Debug|x64
		{3372A9B0-7E26-4EE4-B40F-B8C3C52F4F4F}.Debug|x64.Build.0 = Debug|x64
		{3372A9B0-7E26-4EE4-B40F-B8C3C52F4F4F}.Debug|x86.ActiveCfg = Debug|Win32
		{3372A9B0-7E26-4EE4-B40F-B8C3C52F4F4F}.Debug|x86.Build.0 = Debug|Win32
		{3372A9B0-7E26-4EE4-B40F-B8C3C52F4F4F}.Release|x64.ActiveCfg = Release|x64
		{3372A9B0-7E26-4EE4-B40F-B8C3C52F4F4F}.Release|x64.Build.0 = Release|x64
		{3372A9B0-7E26-4EE4-B40F-B8C3C52F4F4F}.Release|x86.ActiveCfg = Release|Win32
		{3372A9B0-7E26-4EE4-B40F-B8C3C52F4F4F}.Release|x86.Build.0 = Release|Win32
	EndGlobalSection
	GlobalSection(SolutionProperties) = preSolution
		HideSolutionNode = FALSE
	EndGlobalSection
	GlobalSection(ExtensibilityGlobals) = postSolution
		SolutionGuid = {5A71A335-C0EF-4F3D-8554-222847CD3C79}
	EndGlobalSection
EndGlobal
